
Microsoft Visual Studio Solution File, Format Version 12.00
# Visual Studio Version 17
VisualStudioVersion = 17.12.35707.178 d17.12
MinimumVisualStudioVersion = 10.0.40219.1
Project("{FAE04EC0-301F-11D3-BF4B-00C04F79EFBC}") = "Student Registration Form Application", "Student Registration Form Application\Student Registration Form Application.csproj", "{93E6557A-69D6-4C89-B679-8228087A62A3}"
EndProject
Global
	GlobalSection(SolutionConfigurationPlatforms) = preSolution
		Debug|Any CPU = Debug|Any CPU
		Release|Any CPU = Release|Any CPU
	EndGlobalSection
	GlobalSection(ProjectConfigurationPlatforms) = postSolution
		{93E6557A-69D6-4C89-B679-8228087A62A3}.Debug|Any CPU.ActiveCfg = Debug|Any CPU
		{93E6557A-69D6-4C89-B679-8228087A62A3}.Debug|Any CPU.Build.0 = Debug|Any CPU
		{93E6557A-69D6-4C89-B679-8228087A62A3}.Release|Any CPU.ActiveCfg = Release|Any CPU
		{93E6557A-69D6-4C89-B679-8228087A62A3}.Release|Any CPU.Build.0 = Release|Any CPU
	EndGlobalSection
	GlobalSection(SolutionProperties) = preSolution
		HideSolutionNode = FALSE
	EndGlobalSection
EndGlobal
